
Microsoft Visual Studio Solution File, Format Version 12.00
# Visual Studio Version 17
VisualStudioVersion = 17.12.35527.113
MinimumVisualStudioVersion = 10.0.40219.1
Project("{2150E333-8FDC-42A3-9474-1A3956D46DE8}") = "src", "src", "{3F107930-418B-4049-BC06-8D7BA27AC618}"
EndProject
Project("{2150E333-8FDC-42A3-9474-1A3956D46DE8}") = "Solution Items", "Solution Items", "{0DE072B2-7F27-47EA-AC75-14709E25740D}"
	ProjectSection(SolutionItems) = preProject
		ServiceUrls.txt = ServiceUrls.txt
	EndProjectSection
EndProject
Project("{2150E333-8FDC-42A3-9474-1A3956D46DE8}") = "ApiGateways", "ApiGateways", "{B03A8730-8240-42BF-AEB3-9238DEC0B1B3}"
EndProject
Project("{2150E333-8FDC-42A3-9474-1A3956D46DE8}") = "BuildingBlocks", "BuildingBlocks", "{7573D403-7CB4-4570-B3DB-DED43403BF45}"
EndProject
Project("{2150E333-8FDC-42A3-9474-1A3956D46DE8}") = "Services", "Services", "{B11078DF-E70F-4503-A01E-C55B847F7988}"
EndProject
Project("{2150E333-8FDC-42A3-9474-1A3956D46DE8}") = "Clients", "Clients", "{6805CC00-B005-42B4-AC7D-F0D30EB5F4A2}"
EndProject
Project("{2150E333-8FDC-42A3-9474-1A3956D46DE8}") = "WebApiGeteway", "WebApiGeteway", "{FED7DBD4-53C7-44B6-9A5F-E6FFAEC18E44}"
EndProject
Project("{2150E333-8FDC-42A3-9474-1A3956D46DE8}") = "EventBus", "EventBus", "{5E3825A6-A3AB-4AD5-A29D-FEA16793C5B6}"
EndProject
Project("{FAE04EC0-301F-11D3-BF4B-00C04F79EFBC}") = "EventBus.Base", "src\BuildingBlocks\EventBus\EventBus.Base\EventBus.Base.csproj", "{273FCAEF-DE6B-4964-9F16-7510B2DE38B4}"
EndProject
Project("{FAE04EC0-301F-11D3-BF4B-00C04F79EFBC}") = "EventBus.Factory", "src\BuildingBlocks\EventBus\EventBus.Factory\EventBus.Factory.csproj", "{6106EAD5-AED1-41CA-8FDA-1C7C72C7D3BF}"
EndProject
Project("{FAE04EC0-301F-11D3-BF4B-00C04F79EFBC}") = "EventBus.AzureServiceBus", "src\BuildingBlocks\EventBus\EventBus.AzureServiceBus\EventBus.AzureServiceBus.csproj", "{E65E69F5-D60D-4C8C-82D7-9CA46C495079}"
EndProject
Project("{FAE04EC0-301F-11D3-BF4B-00C04F79EFBC}") = "EventBus.RabbitMQ", "src\BuildingBlocks\EventBus\EventBus.RabbitMQ\EventBus.RabbitMQ.csproj", "{94A77121-676A-47BF-8DB3-83D8819BE59A}"
EndProject
Project("{2150E333-8FDC-42A3-9474-1A3956D46DE8}") = "BlazorWebApp", "BlazorWebApp", "{1188023E-1242-43A8-A792-0EFC88E16C0F}"
EndProject
Project("{2150E333-8FDC-42A3-9474-1A3956D46DE8}") = "BasketService", "BasketService", "{4103046A-A3A2-4E91-A094-C12A1FA92188}"
EndProject
Project("{2150E333-8FDC-42A3-9474-1A3956D46DE8}") = "CatalogService", "CatalogService", "{605004BA-36F2-437F-B93D-DA4238CE8CFB}"
EndProject
Project("{2150E333-8FDC-42A3-9474-1A3956D46DE8}") = "IdentityService", "IdentityService", "{A1CC1194-561D-4712-AF97-AA30F2CA2E9A}"
EndProject
Project("{2150E333-8FDC-42A3-9474-1A3956D46DE8}") = "NotificationService", "NotificationService", "{63C2BECA-81C6-44A4-917E-422F0277E85F}"
EndProject
Project("{2150E333-8FDC-42A3-9474-1A3956D46DE8}") = "OrderService", "OrderService", "{648631BA-F552-4B28-94A0-F17430A74077}"
EndProject
Project("{2150E333-8FDC-42A3-9474-1A3956D46DE8}") = "PaymentService", "PaymentService", "{477728B3-D523-4C45-8179-2F519C579604}"
EndProject
Project("{2150E333-8FDC-42A3-9474-1A3956D46DE8}") = "tests", "tests", "{8AF97002-DD7E-4496-9D21-0A2CC96B0AA8}"
EndProject
Project("{2150E333-8FDC-42A3-9474-1A3956D46DE8}") = "BuildingBlocks", "BuildingBlocks", "{BBEB78D3-A117-4E10-9676-3C84FCC361F0}"
EndProject
Project("{FAE04EC0-301F-11D3-BF4B-00C04F79EFBC}") = "EventBus.UnitTest", "tests\BuildingBlocks\EventBus.UnitTest\EventBus.UnitTest.csproj", "{6B05D515-F161-4B52-8E24-08F6E4596382}"
EndProject
Project("{FAE04EC0-301F-11D3-BF4B-00C04F79EFBC}") = "Web.ApiGateway", "src\ApiGateways\WebApiGateway\Web.ApiGateway\Web.ApiGateway\Web.ApiGateway.csproj", "{27CA6811-DFB0-4D2A-BD75-8A1691F9F08F}"
EndProject
Project("{FAE04EC0-301F-11D3-BF4B-00C04F79EFBC}") = "CatalogService.Api", "src\Services\CatalogService\CatalogService.Api\CatalogService.Api.csproj", "{5ABD61D1-D9B1-432D-8841-EC66C3C2BF77}"
EndProject
Project("{FAE04EC0-301F-11D3-BF4B-00C04F79EFBC}") = "WebApp", "src\Clients\BlazorWebApp\WebApp\WebApp.csproj", "{DF98DBBF-E817-4E9B-8AE8-3F3D8EA26917}"
EndProject
Project("{FAE04EC0-301F-11D3-BF4B-00C04F79EFBC}") = "BasketService.Api", "src\Services\BasketService\BasketService.Api\BasketService.Api.csproj", "{4D2E4623-7CE4-418C-8F77-F7B3B84355B7}"
EndProject
Project("{FAE04EC0-301F-11D3-BF4B-00C04F79EFBC}") = "IdentityService.Api", "src\Services\IdentityService\IdentityService.Api\IdentityService.Api.csproj", "{F3A8E683-435F-43AB-B3D6-86BC1AA9B72E}"
EndProject
Project("{FAE04EC0-301F-11D3-BF4B-00C04F79EFBC}") = "NotificationService", "src\Services\NotificationService\NotificationService\NotificationService.csproj", "{12B430C7-EF00-4FDA-A3F7-1C74169D6D35}"
EndProject
Project("{FAE04EC0-301F-11D3-BF4B-00C04F79EFBC}") = "OrderService.Domain", "src\Services\OrderService\OrderService.Domain\OrderService.Domain.csproj", "{94B463FF-A556-40E3-B786-3DFC2C25F432}"
EndProject
Project("{FAE04EC0-301F-11D3-BF4B-00C04F79EFBC}") = "OrderService.Application", "src\Services\OrderService\OrderService.Application\OrderService.Application.csproj", "{676BC91D-AEE5-4510-A756-E4ED099FB8C5}"
EndProject
Project("{FAE04EC0-301F-11D3-BF4B-00C04F79EFBC}") = "OrderService.Infrastructure", "src\Services\OrderService\OrderService.Infrastructure\OrderService.Infrastructure.csproj", "{3A95EF9B-1B3A-4243-AE65-A26B2B981147}"
EndProject
Project("{FAE04EC0-301F-11D3-BF4B-00C04F79EFBC}") = "OrderService.Api", "src\Services\OrderService\OrderService.Api\OrderService.Api.csproj", "{417147D2-AEA1-4F05-BBFA-0C678BB137BD}"
EndProject
Project("{FAE04EC0-301F-11D3-BF4B-00C04F79EFBC}") = "PaymentService.Api", "src\Services\PaymentService\PaymentService.Api\PaymentService.Api.csproj", "{C81DEDFB-FFE6-4FAA-80AE-54E83D0222B1}"
EndProject
Global
	GlobalSection(SolutionConfigurationPlatforms) = preSolution
		Debug|Any CPU = Debug|Any CPU
		Release|Any CPU = Release|Any CPU
	EndGlobalSection
	GlobalSection(ProjectConfigurationPlatforms) = postSolution
		{273FCAEF-DE6B-4964-9F16-7510B2DE38B4}.Debug|Any CPU.ActiveCfg = Debug|Any CPU
		{273FCAEF-DE6B-4964-9F16-7510B2DE38B4}.Debug|Any CPU.Build.0 = Debug|Any CPU
		{273FCAEF-DE6B-4964-9F16-7510B2DE38B4}.Release|Any CPU.ActiveCfg = Release|Any CPU
		{273FCAEF-DE6B-4964-9F16-7510B2DE38B4}.Release|Any CPU.Build.0 = Release|Any CPU
		{6106EAD5-AED1-41CA-8FDA-1C7C72C7D3BF}.Debug|Any CPU.ActiveCfg = Debug|Any CPU
		{6106EAD5-AED1-41CA-8FDA-1C7C72C7D3BF}.Debug|Any CPU.Build.0 = Debug|Any CPU
		{6106EAD5-AED1-41CA-8FDA-1C7C72C7D3BF}.Release|Any CPU.ActiveCfg = Release|Any CPU
		{6106EAD5-AED1-41CA-8FDA-1C7C72C7D3BF}.Release|Any CPU.Build.0 = Release|Any CPU
		{E65E69F5-D60D-4C8C-82D7-9CA46C495079}.Debug|Any CPU.ActiveCfg = Debug|Any CPU
		{E65E69F5-D60D-4C8C-82D7-9CA46C495079}.Debug|Any CPU.Build.0 = Debug|Any CPU
		{E65E69F5-D60D-4C8C-82D7-9CA46C495079}.Release|Any CPU.ActiveCfg = Release|Any CPU
		{E65E69F5-D60D-4C8C-82D7-9CA46C495079}.Release|Any CPU.Build.0 = Release|Any CPU
		{94A77121-676A-47BF-8DB3-83D8819BE59A}.Debug|Any CPU.ActiveCfg = Debug|Any CPU
		{94A77121-676A-47BF-8DB3-83D8819BE59A}.Debug|Any CPU.Build.0 = Debug|Any CPU
		{94A77121-676A-47BF-8DB3-83D8819BE59A}.Release|Any CPU.ActiveCfg = Release|Any CPU
		{94A77121-676A-47BF-8DB3-83D8819BE59A}.Release|Any CPU.Build.0 = Release|Any CPU
		{6B05D515-F161-4B52-8E24-08F6E4596382}.Debug|Any CPU.ActiveCfg = Debug|Any CPU
		{6B05D515-F161-4B52-8E24-08F6E4596382}.Debug|Any CPU.Build.0 = Debug|Any CPU
		{6B05D515-F161-4B52-8E24-08F6E4596382}.Release|Any CPU.ActiveCfg = Release|Any CPU
		{6B05D515-F161-4B52-8E24-08F6E4596382}.Release|Any CPU.Build.0 = Release|Any CPU
		{27CA6811-DFB0-4D2A-BD75-8A1691F9F08F}.Debug|Any CPU.ActiveCfg = Debug|Any CPU
		{27CA6811-DFB0-4D2A-BD75-8A1691F9F08F}.Debug|Any CPU.Build.0 = Debug|Any CPU
		{27CA6811-DFB0-4D2A-BD75-8A1691F9F08F}.Release|Any CPU.ActiveCfg = Release|Any CPU
		{27CA6811-DFB0-4D2A-BD75-8A1691F9F08F}.Release|Any CPU.Build.0 = Release|Any CPU
		{5ABD61D1-D9B1-432D-8841-EC66C3C2BF77}.Debug|Any CPU.ActiveCfg = Debug|Any CPU
		{5ABD61D1-D9B1-432D-8841-EC66C3C2BF77}.Debug|Any CPU.Build.0 = Debug|Any CPU
		{5ABD61D1-D9B1-432D-8841-EC66C3C2BF77}.Release|Any CPU.ActiveCfg = Release|Any CPU
		{5ABD61D1-D9B1-432D-8841-EC66C3C2BF77}.Release|Any CPU.Build.0 = Release|Any CPU
		{DF98DBBF-E817-4E9B-8AE8-3F3D8EA26917}.Debug|Any CPU.ActiveCfg = Debug|Any CPU
		{DF98DBBF-E817-4E9B-8AE8-3F3D8EA26917}.Debug|Any CPU.Build.0 = Debug|Any CPU
		{DF98DBBF-E817-4E9B-8AE8-3F3D8EA26917}.Release|Any CPU.ActiveCfg = Release|Any CPU
		{DF98DBBF-E817-4E9B-8AE8-3F3D8EA26917}.Release|Any CPU.Build.0 = Release|Any CPU
		{4D2E4623-7CE4-418C-8F77-F7B3B84355B7}.Debug|Any CPU.ActiveCfg = Debug|Any CPU
		{4D2E4623-7CE4-418C-8F77-F7B3B84355B7}.Debug|Any CPU.Build.0 = Debug|Any CPU
		{4D2E4623-7CE4-418C-8F77-F7B3B84355B7}.Release|Any CPU.ActiveCfg = Release|Any CPU
		{4D2E4623-7CE4-418C-8F77-F7B3B84355B7}.Release|Any CPU.Build.0 = Release|Any CPU
		{F3A8E683-435F-43AB-B3D6-86BC1AA9B72E}.Debug|Any CPU.ActiveCfg = Debug|Any CPU
		{F3A8E683-435F-43AB-B3D6-86BC1AA9B72E}.Debug|Any CPU.Build.0 = Debug|Any CPU
		{F3A8E683-435F-43AB-B3D6-86BC1AA9B72E}.Release|Any CPU.ActiveCfg = Release|Any CPU
		{F3A8E683-435F-43AB-B3D6-86BC1AA9B72E}.Release|Any CPU.Build.0 = Release|Any CPU
		{12B430C7-EF00-4FDA-A3F7-1C74169D6D35}.Debug|Any CPU.ActiveCfg = Debug|Any CPU
		{12B430C7-EF00-4FDA-A3F7-1C74169D6D35}.Debug|Any CPU.Build.0 = Debug|Any CPU
		{12B430C7-EF00-4FDA-A3F7-1C74169D6D35}.Release|Any CPU.ActiveCfg = Release|Any CPU
		{12B430C7-EF00-4FDA-A3F7-1C74169D6D35}.Release|Any CPU.Build.0 = Release|Any CPU
		{94B463FF-A556-40E3-B786-3DFC2C25F432}.Debug|Any CPU.ActiveCfg = Debug|Any CPU
		{94B463FF-A556-40E3-B786-3DFC2C25F432}.Debug|Any CPU.Build.0 = Debug|Any CPU
		{94B463FF-A556-40E3-B786-3DFC2C25F432}.Release|Any CPU.ActiveCfg = Release|Any CPU
		{94B463FF-A556-40E3-B786-3DFC2C25F432}.Release|Any CPU.Build.0 = Release|Any CPU
		{676BC91D-AEE5-4510-A756-E4ED099FB8C5}.Debug|Any CPU.ActiveCfg = Debug|Any CPU
		{676BC91D-AEE5-4510-A756-E4ED099FB8C5}.Debug|Any CPU.Build.0 = Debug|Any CPU
		{676BC91D-AEE5-4510-A756-E4ED099FB8C5}.Release|Any CPU.ActiveCfg = Release|Any CPU
		{676BC91D-AEE5-4510-A756-E4ED099FB8C5}.Release|Any CPU.Build.0 = Release|Any CPU
		{3A95EF9B-1B3A-4243-AE65-A26B2B981147}.Debug|Any CPU.ActiveCfg = Debug|Any CPU
		{3A95EF9B-1B3A-4243-AE65-A26B2B981147}.Debug|Any CPU.Build.0 = Debug|Any CPU
		{3A95EF9B-1B3A-4243-AE65-A26B2B981147}.Release|Any CPU.ActiveCfg = Release|Any CPU
		{3A95EF9B-1B3A-4243-AE65-A26B2B981147}.Release|Any CPU.Build.0 = Release|Any CPU
		{417147D2-AEA1-4F05-BBFA-0C678BB137BD}.Debug|Any CPU.ActiveCfg = Debug|Any CPU
		{417147D2-AEA1-4F05-BBFA-0C678BB137BD}.Debug|Any CPU.Build.0 = Debug|Any CPU
		{417147D2-AEA1-4F05-BBFA-0C678BB137BD}.Release|Any CPU.ActiveCfg = Release|Any CPU
		{417147D2-AEA1-4F05-BBFA-0C678BB137BD}.Release|Any CPU.Build.0 = Release|Any CPU
		{C81DEDFB-FFE6-4FAA-80AE-54E83D0222B1}.Debug|Any CPU.ActiveCfg = Debug|Any CPU
		{C81DEDFB-FFE6-4FAA-80AE-54E83D0222B1}.Debug|Any CPU.Build.0 = Debug|Any CPU
		{C81DEDFB-FFE6-4FAA-80AE-54E83D0222B1}.Release|Any CPU.ActiveCfg = Release|Any CPU
		{C81DEDFB-FFE6-4FAA-80AE-54E83D0222B1}.Release|Any CPU.Build.0 = Release|Any CPU
	EndGlobalSection
	GlobalSection(SolutionProperties) = preSolution
		HideSolutionNode = FALSE
	EndGlobalSection
	GlobalSection(NestedProjects) = preSolution
		{B03A8730-8240-42BF-AEB3-9238DEC0B1B3} = {3F107930-418B-4049-BC06-8D7BA27AC618}
		{7573D403-7CB4-4570-B3DB-DED43403BF45} = {3F107930-418B-4049-BC06-8D7BA27AC618}
		{B11078DF-E70F-4503-A01E-C55B847F7988} = {3F107930-418B-4049-BC06-8D7BA27AC618}
		{6805CC00-B005-42B4-AC7D-F0D30EB5F4A2} = {3F107930-418B-4049-BC06-8D7BA27AC618}
		{FED7DBD4-53C7-44B6-9A5F-E6FFAEC18E44} = {B03A8730-8240-42BF-AEB3-9238DEC0B1B3}
		{5E3825A6-A3AB-4AD5-A29D-FEA16793C5B6} = {7573D403-7CB4-4570-B3DB-DED43403BF45}
		{273FCAEF-DE6B-4964-9F16-7510B2DE38B4} = {5E3825A6-A3AB-4AD5-A29D-FEA16793C5B6}
		{6106EAD5-AED1-41CA-8FDA-1C7C72C7D3BF} = {5E3825A6-A3AB-4AD5-A29D-FEA16793C5B6}
		{E65E69F5-D60D-4C8C-82D7-9CA46C495079} = {5E3825A6-A3AB-4AD5-A29D-FEA16793C5B6}
		{94A77121-676A-47BF-8DB3-83D8819BE59A} = {5E3825A6-A3AB-4AD5-A29D-FEA16793C5B6}
		{1188023E-1242-43A8-A792-0EFC88E16C0F} = {6805CC00-B005-42B4-AC7D-F0D30EB5F4A2}
		{4103046A-A3A2-4E91-A094-C12A1FA92188} = {B11078DF-E70F-4503-A01E-C55B847F7988}
		{605004BA-36F2-437F-B93D-DA4238CE8CFB} = {B11078DF-E70F-4503-A01E-C55B847F7988}
		{A1CC1194-561D-4712-AF97-AA30F2CA2E9A} = {B11078DF-E70F-4503-A01E-C55B847F7988}
		{63C2BECA-81C6-44A4-917E-422F0277E85F} = {B11078DF-E70F-4503-A01E-C55B847F7988}
		{648631BA-F552-4B28-94A0-F17430A74077} = {B11078DF-E70F-4503-A01E-C55B847F7988}
		{477728B3-D523-4C45-8179-2F519C579604} = {B11078DF-E70F-4503-A01E-C55B847F7988}
		{BBEB78D3-A117-4E10-9676-3C84FCC361F0} = {8AF97002-DD7E-4496-9D21-0A2CC96B0AA8}
		{6B05D515-F161-4B52-8E24-08F6E4596382} = {BBEB78D3-A117-4E10-9676-3C84FCC361F0}
		{27CA6811-DFB0-4D2A-BD75-8A1691F9F08F} = {FED7DBD4-53C7-44B6-9A5F-E6FFAEC18E44}
		{5ABD61D1-D9B1-432D-8841-EC66C3C2BF77} = {605004BA-36F2-437F-B93D-DA4238CE8CFB}
		{DF98DBBF-E817-4E9B-8AE8-3F3D8EA26917} = {1188023E-1242-43A8-A792-0EFC88E16C0F}
		{4D2E4623-7CE4-418C-8F77-F7B3B84355B7} = {4103046A-A3A2-4E91-A094-C12A1FA92188}
		{F3A8E683-435F-43AB-B3D6-86BC1AA9B72E} = {A1CC1194-561D-4712-AF97-AA30F2CA2E9A}
		{12B430C7-EF00-4FDA-A3F7-1C74169D6D35} = {63C2BECA-81C6-44A4-917E-422F0277E85F}
		{94B463FF-A556-40E3-B786-3DFC2C25F432} = {648631BA-F552-4B28-94A0-F17430A74077}
		{676BC91D-AEE5-4510-A756-E4ED099FB8C5} = {648631BA-F552-4B28-94A0-F17430A74077}
		{3A95EF9B-1B3A-4243-AE65-A26B2B981147} = {648631BA-F552-4B28-94A0-F17430A74077}
		{417147D2-AEA1-4F05-BBFA-0C678BB137BD} = {648631BA-F552-4B28-94A0-F17430A74077}
		{C81DEDFB-FFE6-4FAA-80AE-54E83D0222B1} = {477728B3-D523-4C45-8179-2F519C579604}
	EndGlobalSection
EndGlobal
