
Microsoft Visual Studio Solution File, Format Version 12.00
# Visual Studio Version 17
VisualStudioVersion = 17.12.35527.113
MinimumVisualStudioVersion = 10.0.40219.1
Project("{2150E333-8FDC-42A3-9474-1A3956D46DE8}") = "src", "src", "{3F107930-418B-4049-BC06-8D7BA27AC618}"
EndProject
Project("{2150E333-8FDC-42A3-9474-1A3956D46DE8}") = "Solution Items", "Solution Items", "{0DE072B2-7F27-47EA-AC75-14709E25740D}"
	ProjectSection(SolutionItems) = preProject
		ServiceUrls.txt = ServiceUrls.txt
	EndProjectSection
EndProject
Project("{2150E333-8FDC-42A3-9474-1A3956D46DE8}") = "ApiGateways", "ApiGateways", "{B03A8730-8240-42BF-AEB3-9238DEC0B1B3}"
EndProject
Project("{2150E333-8FDC-42A3-9474-1A3956D46DE8}") = "BuildingBlocks", "BuildingBlocks", "{7573D403-7CB4-4570-B3DB-DED43403BF45}"
EndProject
Project("{2150E333-8FDC-42A3-9474-1A3956D46DE8}") = "Services", "Services", "{B11078DF-E70F-4503-A01E-C55B847F7988}"
EndProject
Project("{2150E333-8FDC-42A3-9474-1A3956D46DE8}") = "Clients", "Clients", "{6805CC00-B005-42B4-AC7D-F0D30EB5F4A2}"
EndProject
Project("{2150E333-8FDC-42A3-9474-1A3956D46DE8}") = "WebApiGeteway", "WebApiGeteway", "{FED7DBD4-53C7-44B6-9A5F-E6FFAEC18E44}"
EndProject
Project("{FAE04EC0-301F-11D3-BF4B-00C04F79EFBC}") = "Web.ApiGateway", "src\ApiGateways\WebApiGateway\Web.ApiGateway\Web.ApiGateway.csproj", "{0F79CEE1-BDC1-456A-8472-F5F168D42EDA}"
EndProject
Project("{2150E333-8FDC-42A3-9474-1A3956D46DE8}") = "EventBus", "EventBus", "{5E3825A6-A3AB-4AD5-A29D-FEA16793C5B6}"
EndProject
Project("{FAE04EC0-301F-11D3-BF4B-00C04F79EFBC}") = "EventBus.Base", "src\BuildingBlocks\EventBus\EventBus.Base\EventBus.Base.csproj", "{273FCAEF-DE6B-4964-9F16-7510B2DE38B4}"
EndProject
Project("{FAE04EC0-301F-11D3-BF4B-00C04F79EFBC}") = "EventBus.Factory", "src\BuildingBlocks\EventBus\EventBus.Factory\EventBus.Factory.csproj", "{6106EAD5-AED1-41CA-8FDA-1C7C72C7D3BF}"
EndProject
Project("{FAE04EC0-301F-11D3-BF4B-00C04F79EFBC}") = "EventBus.AzureServiceBus", "src\BuildingBlocks\EventBus\EventBus.AzureServiceBus\EventBus.AzureServiceBus.csproj", "{E65E69F5-D60D-4C8C-82D7-9CA46C495079}"
EndProject
Project("{FAE04EC0-301F-11D3-BF4B-00C04F79EFBC}") = "EventBus.RabbitMQ", "src\BuildingBlocks\EventBus\EventBus.RabbitMQ\EventBus.RabbitMQ.csproj", "{94A77121-676A-47BF-8DB3-83D8819BE59A}"
EndProject
Project("{2150E333-8FDC-42A3-9474-1A3956D46DE8}") = "BlazorWebApp", "BlazorWebApp", "{1188023E-1242-43A8-A792-0EFC88E16C0F}"
EndProject
Project("{FAE04EC0-301F-11D3-BF4B-00C04F79EFBC}") = "WebApp", "src\Clients\BlazorWebApp\WebApp\WebApp.csproj", "{49919A90-A5E3-4838-AEC2-92A9964FE058}"
EndProject
Project("{2150E333-8FDC-42A3-9474-1A3956D46DE8}") = "BasketService", "BasketService", "{4103046A-A3A2-4E91-A094-C12A1FA92188}"
EndProject
Project("{FAE04EC0-301F-11D3-BF4B-00C04F79EFBC}") = "BasketService.Api", "src\Services\BasketService\BasketService.Api\BasketService.Api.csproj", "{D3A299EC-8979-48FA-B4CC-6063E11A4A18}"
EndProject
Project("{2150E333-8FDC-42A3-9474-1A3956D46DE8}") = "CatalogService", "CatalogService", "{605004BA-36F2-437F-B93D-DA4238CE8CFB}"
EndProject
Project("{FAE04EC0-301F-11D3-BF4B-00C04F79EFBC}") = "CatalogService.Api", "src\Services\CatalogService\CatalogService.Api\CatalogService.Api.csproj", "{3A00557D-7C7C-484C-8C70-CBB6F161D837}"
EndProject
Project("{2150E333-8FDC-42A3-9474-1A3956D46DE8}") = "IdentityService", "IdentityService", "{A1CC1194-561D-4712-AF97-AA30F2CA2E9A}"
EndProject
Project("{FAE04EC0-301F-11D3-BF4B-00C04F79EFBC}") = "IdentityService.Api", "src\Services\IdentityService\IdentityService.Api\IdentityService.Api.csproj", "{DCF3D76E-3BD7-431A-A2B1-D27B7C18C7F7}"
EndProject
Project("{2150E333-8FDC-42A3-9474-1A3956D46DE8}") = "NotificationService", "NotificationService", "{63C2BECA-81C6-44A4-917E-422F0277E85F}"
EndProject
Project("{FAE04EC0-301F-11D3-BF4B-00C04F79EFBC}") = "NotificationService", "src\Services\NotificationService\NotificationService\NotificationService.csproj", "{4041BFE3-7F8D-4C5D-AB67-AAB492B02600}"
EndProject
Project("{2150E333-8FDC-42A3-9474-1A3956D46DE8}") = "OrderService", "OrderService", "{648631BA-F552-4B28-94A0-F17430A74077}"
EndProject
Project("{FAE04EC0-301F-11D3-BF4B-00C04F79EFBC}") = "OrderService.Domain", "src\Services\OrderService\OrderService.Domain\OrderService.Domain.csproj", "{2DF4B62E-7628-4BF1-91F2-1A57443DDA72}"
EndProject
Project("{FAE04EC0-301F-11D3-BF4B-00C04F79EFBC}") = "OrderService.Application", "src\Services\OrderService\OrderService.Application\OrderService.Application.csproj", "{CCE99D66-B17A-4E91-831D-8BBD66F85D64}"
EndProject
Project("{FAE04EC0-301F-11D3-BF4B-00C04F79EFBC}") = "OrderService.Infrastructure", "src\Services\OrderService\OrderService.Infrastructure\OrderService.Infrastructure.csproj", "{08666B83-6D8D-4860-B0FD-FE649D4A4D2D}"
EndProject
Project("{FAE04EC0-301F-11D3-BF4B-00C04F79EFBC}") = "OrderService.Api", "src\Services\OrderService\OrderService.Api\OrderService.Api.csproj", "{26A8FF91-F8B4-4155-9EC9-123120B8E17A}"
EndProject
Project("{2150E333-8FDC-42A3-9474-1A3956D46DE8}") = "PaymentService", "PaymentService", "{477728B3-D523-4C45-8179-2F519C579604}"
EndProject
Project("{FAE04EC0-301F-11D3-BF4B-00C04F79EFBC}") = "PaymentService.Api", "src\Services\PaymentService\PaymentService.Api\PaymentService.Api.csproj", "{31E29343-5C97-496A-828B-D16AA0227A76}"
EndProject
Project("{2150E333-8FDC-42A3-9474-1A3956D46DE8}") = "tests", "tests", "{8AF97002-DD7E-4496-9D21-0A2CC96B0AA8}"
EndProject
Project("{2150E333-8FDC-42A3-9474-1A3956D46DE8}") = "BuildingBlocks", "BuildingBlocks", "{BBEB78D3-A117-4E10-9676-3C84FCC361F0}"
EndProject
Project("{FAE04EC0-301F-11D3-BF4B-00C04F79EFBC}") = "EventBus.UnitTest", "tests\BuildingBlocks\EventBus.UnitTest\EventBus.UnitTest.csproj", "{6B05D515-F161-4B52-8E24-08F6E4596382}"
EndProject
Global
	GlobalSection(SolutionConfigurationPlatforms) = preSolution
		Debug|Any CPU = Debug|Any CPU
		Release|Any CPU = Release|Any CPU
	EndGlobalSection
	GlobalSection(ProjectConfigurationPlatforms) = postSolution
		{0F79CEE1-BDC1-456A-8472-F5F168D42EDA}.Debug|Any CPU.ActiveCfg = Debug|Any CPU
		{0F79CEE1-BDC1-456A-8472-F5F168D42EDA}.Debug|Any CPU.Build.0 = Debug|Any CPU
		{0F79CEE1-BDC1-456A-8472-F5F168D42EDA}.Release|Any CPU.ActiveCfg = Release|Any CPU
		{0F79CEE1-BDC1-456A-8472-F5F168D42EDA}.Release|Any CPU.Build.0 = Release|Any CPU
		{273FCAEF-DE6B-4964-9F16-7510B2DE38B4}.Debug|Any CPU.ActiveCfg = Debug|Any CPU
		{273FCAEF-DE6B-4964-9F16-7510B2DE38B4}.Debug|Any CPU.Build.0 = Debug|Any CPU
		{273FCAEF-DE6B-4964-9F16-7510B2DE38B4}.Release|Any CPU.ActiveCfg = Release|Any CPU
		{273FCAEF-DE6B-4964-9F16-7510B2DE38B4}.Release|Any CPU.Build.0 = Release|Any CPU
		{6106EAD5-AED1-41CA-8FDA-1C7C72C7D3BF}.Debug|Any CPU.ActiveCfg = Debug|Any CPU
		{6106EAD5-AED1-41CA-8FDA-1C7C72C7D3BF}.Debug|Any CPU.Build.0 = Debug|Any CPU
		{6106EAD5-AED1-41CA-8FDA-1C7C72C7D3BF}.Release|Any CPU.ActiveCfg = Release|Any CPU
		{6106EAD5-AED1-41CA-8FDA-1C7C72C7D3BF}.Release|Any CPU.Build.0 = Release|Any CPU
		{E65E69F5-D60D-4C8C-82D7-9CA46C495079}.Debug|Any CPU.ActiveCfg = Debug|Any CPU
		{E65E69F5-D60D-4C8C-82D7-9CA46C495079}.Debug|Any CPU.Build.0 = Debug|Any CPU
		{E65E69F5-D60D-4C8C-82D7-9CA46C495079}.Release|Any CPU.ActiveCfg = Release|Any CPU
		{E65E69F5-D60D-4C8C-82D7-9CA46C495079}.Release|Any CPU.Build.0 = Release|Any CPU
		{94A77121-676A-47BF-8DB3-83D8819BE59A}.Debug|Any CPU.ActiveCfg = Debug|Any CPU
		{94A77121-676A-47BF-8DB3-83D8819BE59A}.Debug|Any CPU.Build.0 = Debug|Any CPU
		{94A77121-676A-47BF-8DB3-83D8819BE59A}.Release|Any CPU.ActiveCfg = Release|Any CPU
		{94A77121-676A-47BF-8DB3-83D8819BE59A}.Release|Any CPU.Build.0 = Release|Any CPU
		{49919A90-A5E3-4838-AEC2-92A9964FE058}.Debug|Any CPU.ActiveCfg = Debug|Any CPU
		{49919A90-A5E3-4838-AEC2-92A9964FE058}.Debug|Any CPU.Build.0 = Debug|Any CPU
		{49919A90-A5E3-4838-AEC2-92A9964FE058}.Release|Any CPU.ActiveCfg = Release|Any CPU
		{49919A90-A5E3-4838-AEC2-92A9964FE058}.Release|Any CPU.Build.0 = Release|Any CPU
		{D3A299EC-8979-48FA-B4CC-6063E11A4A18}.Debug|Any CPU.ActiveCfg = Debug|Any CPU
		{D3A299EC-8979-48FA-B4CC-6063E11A4A18}.Debug|Any CPU.Build.0 = Debug|Any CPU
		{D3A299EC-8979-48FA-B4CC-6063E11A4A18}.Release|Any CPU.ActiveCfg = Release|Any CPU
		{D3A299EC-8979-48FA-B4CC-6063E11A4A18}.Release|Any CPU.Build.0 = Release|Any CPU
		{3A00557D-7C7C-484C-8C70-CBB6F161D837}.Debug|Any CPU.ActiveCfg = Debug|Any CPU
		{3A00557D-7C7C-484C-8C70-CBB6F161D837}.Debug|Any CPU.Build.0 = Debug|Any CPU
		{3A00557D-7C7C-484C-8C70-CBB6F161D837}.Release|Any CPU.ActiveCfg = Release|Any CPU
		{3A00557D-7C7C-484C-8C70-CBB6F161D837}.Release|Any CPU.Build.0 = Release|Any CPU
		{DCF3D76E-3BD7-431A-A2B1-D27B7C18C7F7}.Debug|Any CPU.ActiveCfg = Debug|Any CPU
		{DCF3D76E-3BD7-431A-A2B1-D27B7C18C7F7}.Debug|Any CPU.Build.0 = Debug|Any CPU
		{DCF3D76E-3BD7-431A-A2B1-D27B7C18C7F7}.Release|Any CPU.ActiveCfg = Release|Any CPU
		{DCF3D76E-3BD7-431A-A2B1-D27B7C18C7F7}.Release|Any CPU.Build.0 = Release|Any CPU
		{4041BFE3-7F8D-4C5D-AB67-AAB492B02600}.Debug|Any CPU.ActiveCfg = Debug|Any CPU
		{4041BFE3-7F8D-4C5D-AB67-AAB492B02600}.Debug|Any CPU.Build.0 = Debug|Any CPU
		{4041BFE3-7F8D-4C5D-AB67-AAB492B02600}.Release|Any CPU.ActiveCfg = Release|Any CPU
		{4041BFE3-7F8D-4C5D-AB67-AAB492B02600}.Release|Any CPU.Build.0 = Release|Any CPU
		{2DF4B62E-7628-4BF1-91F2-1A57443DDA72}.Debug|Any CPU.ActiveCfg = Debug|Any CPU
		{2DF4B62E-7628-4BF1-91F2-1A57443DDA72}.Debug|Any CPU.Build.0 = Debug|Any CPU
		{2DF4B62E-7628-4BF1-91F2-1A57443DDA72}.Release|Any CPU.ActiveCfg = Release|Any CPU
		{2DF4B62E-7628-4BF1-91F2-1A57443DDA72}.Release|Any CPU.Build.0 = Release|Any CPU
		{CCE99D66-B17A-4E91-831D-8BBD66F85D64}.Debug|Any CPU.ActiveCfg = Debug|Any CPU
		{CCE99D66-B17A-4E91-831D-8BBD66F85D64}.Debug|Any CPU.Build.0 = Debug|Any CPU
		{CCE99D66-B17A-4E91-831D-8BBD66F85D64}.Release|Any CPU.ActiveCfg = Release|Any CPU
		{CCE99D66-B17A-4E91-831D-8BBD66F85D64}.Release|Any CPU.Build.0 = Release|Any CPU
		{08666B83-6D8D-4860-B0FD-FE649D4A4D2D}.Debug|Any CPU.ActiveCfg = Debug|Any CPU
		{08666B83-6D8D-4860-B0FD-FE649D4A4D2D}.Debug|Any CPU.Build.0 = Debug|Any CPU
		{08666B83-6D8D-4860-B0FD-FE649D4A4D2D}.Release|Any CPU.ActiveCfg = Release|Any CPU
		{08666B83-6D8D-4860-B0FD-FE649D4A4D2D}.Release|Any CPU.Build.0 = Release|Any CPU
		{26A8FF91-F8B4-4155-9EC9-123120B8E17A}.Debug|Any CPU.ActiveCfg = Debug|Any CPU
		{26A8FF91-F8B4-4155-9EC9-123120B8E17A}.Debug|Any CPU.Build.0 = Debug|Any CPU
		{26A8FF91-F8B4-4155-9EC9-123120B8E17A}.Release|Any CPU.ActiveCfg = Release|Any CPU
		{26A8FF91-F8B4-4155-9EC9-123120B8E17A}.Release|Any CPU.Build.0 = Release|Any CPU
		{31E29343-5C97-496A-828B-D16AA0227A76}.Debug|Any CPU.ActiveCfg = Debug|Any CPU
		{31E29343-5C97-496A-828B-D16AA0227A76}.Debug|Any CPU.Build.0 = Debug|Any CPU
		{31E29343-5C97-496A-828B-D16AA0227A76}.Release|Any CPU.ActiveCfg = Release|Any CPU
		{31E29343-5C97-496A-828B-D16AA0227A76}.Release|Any CPU.Build.0 = Release|Any CPU
		{6B05D515-F161-4B52-8E24-08F6E4596382}.Debug|Any CPU.ActiveCfg = Debug|Any CPU
		{6B05D515-F161-4B52-8E24-08F6E4596382}.Debug|Any CPU.Build.0 = Debug|Any CPU
		{6B05D515-F161-4B52-8E24-08F6E4596382}.Release|Any CPU.ActiveCfg = Release|Any CPU
		{6B05D515-F161-4B52-8E24-08F6E4596382}.Release|Any CPU.Build.0 = Release|Any CPU
	EndGlobalSection
	GlobalSection(SolutionProperties) = preSolution
		HideSolutionNode = FALSE
	EndGlobalSection
	GlobalSection(NestedProjects) = preSolution
		{B03A8730-8240-42BF-AEB3-9238DEC0B1B3} = {3F107930-418B-4049-BC06-8D7BA27AC618}
		{7573D403-7CB4-4570-B3DB-DED43403BF45} = {3F107930-418B-4049-BC06-8D7BA27AC618}
		{B11078DF-E70F-4503-A01E-C55B847F7988} = {3F107930-418B-4049-BC06-8D7BA27AC618}
		{6805CC00-B005-42B4-AC7D-F0D30EB5F4A2} = {3F107930-418B-4049-BC06-8D7BA27AC618}
		{FED7DBD4-53C7-44B6-9A5F-E6FFAEC18E44} = {B03A8730-8240-42BF-AEB3-9238DEC0B1B3}
		{0F79CEE1-BDC1-456A-8472-F5F168D42EDA} = {FED7DBD4-53C7-44B6-9A5F-E6FFAEC18E44}
		{5E3825A6-A3AB-4AD5-A29D-FEA16793C5B6} = {7573D403-7CB4-4570-B3DB-DED43403BF45}
		{273FCAEF-DE6B-4964-9F16-7510B2DE38B4} = {5E3825A6-A3AB-4AD5-A29D-FEA16793C5B6}
		{6106EAD5-AED1-41CA-8FDA-1C7C72C7D3BF} = {5E3825A6-A3AB-4AD5-A29D-FEA16793C5B6}
		{E65E69F5-D60D-4C8C-82D7-9CA46C495079} = {5E3825A6-A3AB-4AD5-A29D-FEA16793C5B6}
		{94A77121-676A-47BF-8DB3-83D8819BE59A} = {5E3825A6-A3AB-4AD5-A29D-FEA16793C5B6}
		{1188023E-1242-43A8-A792-0EFC88E16C0F} = {6805CC00-B005-42B4-AC7D-F0D30EB5F4A2}
		{49919A90-A5E3-4838-AEC2-92A9964FE058} = {1188023E-1242-43A8-A792-0EFC88E16C0F}
		{4103046A-A3A2-4E91-A094-C12A1FA92188} = {B11078DF-E70F-4503-A01E-C55B847F7988}
		{D3A299EC-8979-48FA-B4CC-6063E11A4A18} = {4103046A-A3A2-4E91-A094-C12A1FA92188}
		{605004BA-36F2-437F-B93D-DA4238CE8CFB} = {B11078DF-E70F-4503-A01E-C55B847F7988}
		{3A00557D-7C7C-484C-8C70-CBB6F161D837} = {605004BA-36F2-437F-B93D-DA4238CE8CFB}
		{A1CC1194-561D-4712-AF97-AA30F2CA2E9A} = {B11078DF-E70F-4503-A01E-C55B847F7988}
		{DCF3D76E-3BD7-431A-A2B1-D27B7C18C7F7} = {A1CC1194-561D-4712-AF97-AA30F2CA2E9A}
		{63C2BECA-81C6-44A4-917E-422F0277E85F} = {B11078DF-E70F-4503-A01E-C55B847F7988}
		{4041BFE3-7F8D-4C5D-AB67-AAB492B02600} = {63C2BECA-81C6-44A4-917E-422F0277E85F}
		{648631BA-F552-4B28-94A0-F17430A74077} = {B11078DF-E70F-4503-A01E-C55B847F7988}
		{2DF4B62E-7628-4BF1-91F2-1A57443DDA72} = {648631BA-F552-4B28-94A0-F17430A74077}
		{CCE99D66-B17A-4E91-831D-8BBD66F85D64} = {648631BA-F552-4B28-94A0-F17430A74077}
		{08666B83-6D8D-4860-B0FD-FE649D4A4D2D} = {648631BA-F552-4B28-94A0-F17430A74077}
		{26A8FF91-F8B4-4155-9EC9-123120B8E17A} = {648631BA-F552-4B28-94A0-F17430A74077}
		{477728B3-D523-4C45-8179-2F519C579604} = {B11078DF-E70F-4503-A01E-C55B847F7988}
		{31E29343-5C97-496A-828B-D16AA0227A76} = {477728B3-D523-4C45-8179-2F519C579604}
		{BBEB78D3-A117-4E10-9676-3C84FCC361F0} = {8AF97002-DD7E-4496-9D21-0A2CC96B0AA8}
		{6B05D515-F161-4B52-8E24-08F6E4596382} = {BBEB78D3-A117-4E10-9676-3C84FCC361F0}
	EndGlobalSection
EndGlobal
